{
  "name": "graphcms-migration-tutorial",
  "version": "1.0.0",
  "lockfileVersion": 1,
  "requires": true,
  "dependencies": {
    "@graphcms/management": {
      "version": "0.0.17",
      "resolved": "https://registry.npmjs.org/@graphcms/management/-/management-0.0.17.tgz",
      "integrity": "sha512-Wyv+BZwg6MI38UJfgZULdgpb8z/JLisRUcLPj0yId8Oq3JcF6OwwHT2Ea0/5g3XsHVWB2VTuqV8hbQPP+MsKfA==",
      "requires": {
        "@types/node": "^14.11.2",
        "graphql-request": "2.1.0-next.1",
        "uuid": "^8.3.0"
      }
    },
    "@types/node": {
      "version": "14.14.12",
      "resolved": "https://registry.npmjs.org/@types/node/-/node-14.14.12.tgz",
      "integrity": "sha512-ASH8OPHMNlkdjrEdmoILmzFfsJICvhBsFfAum4aKZ/9U4B6M6tTmTPh+f3ttWdD74CEGV5XvXWkbyfSdXaTd7g=="
    },
    "cross-fetch": {
      "version": "3.0.6",
      "resolved": "https://registry.npmjs.org/cross-fetch/-/cross-fetch-3.0.6.tgz",
      "integrity": "sha512-KBPUbqgFjzWlVcURG+Svp9TlhA5uliYtiNx/0r8nv0pdypeQCRJ9IaSIc3q/x3q8t3F75cHuwxVql1HFGHCNJQ==",
      "requires": {
        "node-fetch": "2.6.1"
      }
    },
    "graphql-request": {
      "version": "2.1.0-next.1",
      "resolved": "https://registry.npmjs.org/graphql-request/-/graphql-request-2.1.0-next.1.tgz",
      "integrity": "sha512-9Qr+z4FCzxwFrnG9BE366v9KcgRXLv2bmFkj3RHfSQNDgPHCUM2mA83bwjhgxg4jig/F8X/pcceOZPwRkMleKQ==",
      "requires": {
        "cross-fetch": "^3.0.4"
      }
    },
    "node-fetch": {
      "version": "2.6.1",
      "resolved": "https://registry.npmjs.org/node-fetch/-/node-fetch-2.6.1.tgz",
      "integrity": "sha512-V4aYg89jEoVRxRb2fJdAg8FHvI7cEyYdVAh94HH0UIK8oJxUfkjlDQN9RbMx+bEjP7+ggMiFRprSti032Oipxw=="
    },
    "uuid": {
      "version": "8.3.2",
      "resolved": "https://registry.npmjs.org/uuid/-/uuid-8.3.2.tgz",
      "integrity": "sha512-+NYs2QeMWy+GWFOEm9xnn6HCDp0l7QBD7ml8zLUmJ+93Q5NF0NocErnwkTkXVFNiX3/fpC6afS8Dhb/gz7R7eg=="
    }
  }
}
